
Microsoft Visual Studio Solution File, Format Version 12.00
# Visual Studio Version 17
VisualStudioVersion = 17.3.32825.248
MinimumVisualStudioVersion = 10.0.40219.1
Project("{FAE04EC0-301F-11D3-BF4B-00C04F79EFBC}") = "Day3", "Day3\Day3.csproj", "{1C4BE10A-A2D9-434B-8447-B19D8DCF2C6E}"
EndProject
Global
	GlobalSection(SolutionConfigurationPlatforms) = preSolution
		Debug|Any CPU = Debug|Any CPU
		Release|Any CPU = Release|Any CPU
	EndGlobalSection
	GlobalSection(ProjectConfigurationPlatforms) = postSolution
		{1C4BE10A-A2D9-434B-8447-B19D8DCF2C6E}.Debug|Any CPU.ActiveCfg = Debug|Any CPU
		{1C4BE10A-A2D9-434B-8447-B19D8DCF2C6E}.Debug|Any CPU.Build.0 = Debug|Any CPU
		{1C4BE10A-A2D9-434B-8447-B19D8DCF2C6E}.Release|Any CPU.ActiveCfg = Release|Any CPU
		{1C4BE10A-A2D9-434B-8447-B19D8DCF2C6E}.Release|Any CPU.Build.0 = Release|Any CPU
	EndGlobalSection
	GlobalSection(SolutionProperties) = preSolution
		HideSolutionNode = FALSE
	EndGlobalSection
	GlobalSection(ExtensibilityGlobals) = postSolution
		SolutionGuid = {DB5EFAB0-EF00-460D-9E6E-C2C992ED423D}
	EndGlobalSection
EndGlobal
